
Microsoft Visual Studio Solution File, Format Version 12.00
# Visual Studio Version 17
VisualStudioVersion = 17.14.35904.287 main
MinimumVisualStudioVersion = 10.0.40219.1
Project("{FAE04EC0-301F-11D3-BF4B-00C04F79EFBC}") = "AspireDocsList", "AspireDocsList\AspireDocsList.csproj", "{4CD77C91-9104-431A-BBB0-250C59C706E4}"
EndProject
Global
	GlobalSection(SolutionConfigurationPlatforms) = preSolution
		Debug|Any CPU = Debug|Any CPU
		Release|Any CPU = Release|Any CPU
	EndGlobalSection
	GlobalSection(ProjectConfigurationPlatforms) = postSolution
		{4CD77C91-9104-431A-BBB0-250C59C706E4}.Debug|Any CPU.ActiveCfg = Debug|Any CPU
		{4CD77C91-9104-431A-BBB0-250C59C706E4}.Debug|Any CPU.Build.0 = Debug|Any CPU
		{4CD77C91-9104-431A-BBB0-250C59C706E4}.Release|Any CPU.ActiveCfg = Release|Any CPU
		{4CD77C91-9104-431A-BBB0-250C59C706E4}.Release|Any CPU.Build.0 = Release|Any CPU
	EndGlobalSection
	GlobalSection(SolutionProperties) = preSolution
		HideSolutionNode = FALSE
	EndGlobalSection
	GlobalSection(ExtensibilityGlobals) = postSolution
		SolutionGuid = {1B4B30F1-92E8-456C-8734-8B42FDB3DD8E}
	EndGlobalSection
EndGlobal
